// !$*UTF8*$!
{
	archiveVersion = 1;
	classes = {
	};
	objectVersion = 46;
	objects = {

/* Begin PBXBuildFile section */
		4621E52E1BE661C30038F365 /* smile.jpg in Resources */ = {isa = PBXBuildFile; fileRef = 4621E52D1BE661C30038F365 /* smile.jpg */; };
		4625ACAA1BE4BF46004AE500 /* main.m in Sources */ = {isa = PBXBuildFile; fileRef = 4625ACA91BE4BF46004AE500 /* main.m */; };
		4625ACAD1BE4BF46004AE500 /* AppDelegate.m in Sources */ = {isa = PBXBuildFile; fileRef = 4625ACAC1BE4BF46004AE500 /* AppDelegate.m */; };
		4625ACB01BE4BF46004AE500 /* ViewController.m in Sources */ = {isa = PBXBuildFile; fileRef = 4625ACAF1BE4BF46004AE500 /* ViewController.m */; };
		4625ACB31BE4BF47004AE500 /* Main.storyboard in Resources */ = {isa = PBXBuildFile; fileRef = 4625ACB11BE4BF46004AE500 /* Main.storyboard */; };
		4625ACB51BE4BF47004AE500 /* Assets.xcassets in Resources */ = {isa = PBXBuildFile; fileRef = 4625ACB41BE4BF47004AE500 /* Assets.xcassets */; };
		4625ACB81BE4BF47004AE500 /* LaunchScreen.storyboard in Resources */ = {isa = PBXBuildFile; fileRef = 4625ACB61BE4BF47004AE500 /* LaunchScreen.storyboard */; };
		4625ACC61BE4BFF0004AE500 /* BJCategoryLabel.m in Sources */ = {isa = PBXBuildFile; fileRef = 4625ACC11BE4BFF0004AE500 /* BJCategoryLabel.m */; };
		4625ACC71BE4BFF0004AE500 /* BJCategoryScrollView.m in Sources */ = {isa = PBXBuildFile; fileRef = 4625ACC31BE4BFF0004AE500 /* BJCategoryScrollView.m */; };
		4625ACC81BE4BFF0004AE500 /* BJScrollPageController.m in Sources */ = {isa = PBXBuildFile; fileRef = 4625ACC51BE4BFF0004AE500 /* BJScrollPageController.m */; };
/* End PBXBuildFile section */

/* Begin PBXFileReference section */
		4621E52D1BE661C30038F365 /* smile.jpg */ = {isa = PBXFileReference; lastKnownFileType = image.jpeg; path = smile.jpg; sourceTree = "<group>"; };
		4625ACA51BE4BF46004AE500 /* BJScroollPageController.app */ = {isa = PBXFileReference; explicitFileType = wrapper.application; includeInIndex = 0; path = BJScroollPageController.app; sourceTree = BUILT_PRODUCTS_DIR; };
		4625ACA91BE4BF46004AE500 /* main.m */ = {isa = PBXFileReference; lastKnownFileType = sourcecode.c.objc; path = main.m; sourceTree = "<group>"; };
		4625ACAB1BE4BF46004AE500 /* AppDelegate.h */ = {isa = PBXFileReference; lastKnownFileType = sourcecode.c.h; path = AppDelegate.h; sourceTree = "<group>"; };
		4625ACAC1BE4BF46004AE500 /* AppDelegate.m */ = {isa = PBXFileReference; lastKnownFileType = sourcecode.c.objc; path = AppDelegate.m; sourceTree = "<group>"; };
		4625ACAE1BE4BF46004AE500 /* ViewController.h */ = {isa = PBXFileReference; lastKnownFileType = sourcecode.c.h; path = ViewController.h; sourceTree = "<group>"; };
		4625ACAF1BE4BF46004AE500 /* ViewController.m */ = {isa = PBXFileReference; lastKnownFileType = sourcecode.c.objc; path = ViewController.m; sourceTree = "<group>"; };
		4625ACB21BE4BF47004AE500 /* Base */ = {isa = PBXFileReference; lastKnownFileType = file.storyboard; name = Base; path = Base.lproj/Main.storyboard; sourceTree = "<group>"; };
		4625ACB41BE4BF47004AE500 /* Assets.xcassets */ = {isa = PBXFileReference; lastKnownFileType = folder.assetcatalog; path = Assets.xcassets; sourceTree = "<group>"; };
		4625ACB71BE4BF47004AE500 /* Base */ = {isa = PBXFileReference; lastKnownFileType = file.storyboard; name = Base; path = Base.lproj/LaunchScreen.storyboard; sourceTree = "<group>"; };
		4625ACB91BE4BF47004AE500 /* Info.plist */ = {isa = PBXFileReference; lastKnownFileType = text.plist.xml; path = Info.plist; sourceTree = "<group>"; };
		4625ACC01BE4BFF0004AE500 /* BJCategoryLabel.h */ = {isa = PBXFileReference; fileEncoding = 4; lastKnownFileType = sourcecode.c.h; path = BJCategoryLabel.h; sourceTree = "<group>"; };
		4625ACC11BE4BFF0004AE500 /* BJCategoryLabel.m */ = {isa = PBXFileReference; fileEncoding = 4; lastKnownFileType = sourcecode.c.objc; path = BJCategoryLabel.m; sourceTree = "<group>"; };
		4625ACC21BE4BFF0004AE500 /* BJCategoryScrollView.h */ = {isa = PBXFileReference; fileEncoding = 4; lastKnownFileType = sourcecode.c.h; path = BJCategoryScrollView.h; sourceTree = "<group>"; };
		4625ACC31BE4BFF0004AE500 /* BJCategoryScrollView.m */ = {isa = PBXFileReference; fileEncoding = 4; lastKnownFileType = sourcecode.c.objc; path = BJCategoryScrollView.m; sourceTree = "<group>"; };
		4625ACC41BE4BFF0004AE500 /* BJScrollPageController.h */ = {isa = PBXFileReference; fileEncoding = 4; lastKnownFileType = sourcecode.c.h; path = BJScrollPageController.h; sourceTree = "<group>"; };
		4625ACC51BE4BFF0004AE500 /* BJScrollPageController.m */ = {isa = PBXFileReference; fileEncoding = 4; lastKnownFileType = sourcecode.c.objc; path = BJScrollPageController.m; sourceTree = "<group>"; };
/* End PBXFileReference section */

/* Begin PBXFrameworksBuildPhase section */
		4625ACA21BE4BF46004AE500 /* Frameworks */ = {
			isa = PBXFrameworksBuildPhase;
			buildActionMask = 2147483647;
			files = (
			);
			runOnlyForDeploymentPostprocessing = 0;
		};
/* End PBXFrameworksBuildPhase section */

/* Begin PBXGroup section */
		4625AC9C1BE4BF46004AE500 = {
			isa = PBXGroup;
			children = (
				4625ACA71BE4BF46004AE500 /* BJScroollPageController */,
				4625ACA61BE4BF46004AE500 /* Products */,
			);
			sourceTree = "<group>";
		};
		4625ACA61BE4BF46004AE500 /* Products */ = {
			isa = PBXGroup;
			children = (
				4625ACA51BE4BF46004AE500 /* BJScroollPageController.app */,
			);
			name = Products;
			sourceTree = "<group>";
		};
		4625ACA71BE4BF46004AE500 /* BJScroollPageController */ = {
			isa = PBXGroup;
			children = (
				4621E52D1BE661C30038F365 /* smile.jpg */,
				4625ACBF1BE4BF5A004AE500 /* PageController */,
				4625ACAB1BE4BF46004AE500 /* AppDelegate.h */,
				4625ACAC1BE4BF46004AE500 /* AppDelegate.m */,
				4625ACAE1BE4BF46004AE500 /* ViewController.h */,
				4625ACAF1BE4BF46004AE500 /* ViewController.m */,
				4625ACB11BE4BF46004AE500 /* Main.storyboard */,
				4625ACB41BE4BF47004AE500 /* Assets.xcassets */,
				4625ACB61BE4BF47004AE500 /* LaunchScreen.storyboard */,
				4625ACB91BE4BF47004AE500 /* Info.plist */,
				4625ACA81BE4BF46004AE500 /* Supporting Files */,
			);
			path = BJScroollPageController;
			sourceTree = "<group>";
		};
		4625ACA81BE4BF46004AE500 /* Supporting Files */ = {
			isa = PBXGroup;
			children = (
				4625ACA91BE4BF46004AE500 /* main.m */,
			);
			name = "Supporting Files";
			sourceTree = "<group>";
		};
		4625ACBF1BE4BF5A004AE500 /* PageController */ = {
			isa = PBXGroup;
			children = (
				4625ACC01BE4BFF0004AE500 /* BJCategoryLabel.h */,
				4625ACC11BE4BFF0004AE500 /* BJCategoryLabel.m */,
				4625ACC21BE4BFF0004AE500 /* BJCategoryScrollView.h */,
				4625ACC31BE4BFF0004AE500 /* BJCategoryScrollView.m */,
				4625ACC41BE4BFF0004AE500 /* BJScrollPageController.h */,
				4625ACC51BE4BFF0004AE500 /* BJScrollPageController.m */,
			);
			name = PageController;
			sourceTree = "<group>";
		};
/* End PBXGroup section */

/* Begin PBXNativeTarget section */
		4625ACA41BE4BF46004AE500 /* BJScroollPageController */ = {
			isa = PBXNativeTarget;
			buildConfigurationList = 4625ACBC1BE4BF47004AE500 /* Build configuration list for PBXNativeTarget "BJScroollPageController" */;
			buildPhases = (
				4625ACA11BE4BF46004AE500 /* Sources */,
				4625ACA21BE4BF46004AE500 /* Frameworks */,
				4625ACA31BE4BF46004AE500 /* Resources */,
			);
			buildRules = (
			);
			dependencies = (
			);
			name = BJScroollPageController;
			productName = BJScroollPageController;
			productReference = 4625ACA51BE4BF46004AE500 /* BJScroollPageController.app */;
			productType = "com.apple.product-type.application";
		};
/* End PBXNativeTarget section */

/* Begin PBXProject section */
		4625AC9D1BE4BF46004AE500 /* Project object */ = {
			isa = PBXProject;
			attributes = {
				LastUpgradeCheck = 0710;
				ORGANIZATIONNAME = booj;
				TargetAttributes = {
					4625ACA41BE4BF46004AE500 = {
						CreatedOnToolsVersion = 7.1;
					};
				};
			};
			buildConfigurationList = 4625ACA01BE4BF46004AE500 /* Build configuration list for PBXProject "BJScroollPageController" */;
			compatibilityVersion = "Xcode 3.2";
			developmentRegion = English;
			hasScannedForEncodings = 0;
			knownRegions = (
				en,
				Base,
			);
			mainGroup = 4625AC9C1BE4BF46004AE500;
			productRefGroup = 4625ACA61BE4BF46004AE500 /* Products */;
			projectDirPath = "";
			projectRoot = "";
			targets = (
				4625ACA41BE4BF46004AE500 /* BJScroollPageController */,
			);
		};
/* End PBXProject section */

/* Begin PBXResourcesBuildPhase section */
		4625ACA31BE4BF46004AE500 /* Resources */ = {
			isa = PBXResourcesBuildPhase;
			buildActionMask = 2147483647;
			files = (
				4625ACB81BE4BF47004AE500 /* LaunchScreen.storyboard in Resources */,
				4621E52E1BE661C30038F365 /* smile.jpg in Resources */,
				4625ACB51BE4BF47004AE500 /* Assets.xcassets in Resources */,
				4625ACB31BE4BF47004AE500 /* Main.storyboard in Resources */,
			);
			runOnlyForDeploymentPostprocessing = 0;
		};
/* End PBXResourcesBuildPhase section */

/* Begin PBXSourcesBuildPhase section */
		4625ACA11BE4BF46004AE500 /* Sources */ = {
			isa = PBXSourcesBuildPhase;
			buildActionMask = 2147483647;
			files = (
				4625ACB01BE4BF46004AE500 /* ViewController.m in Sources */,
				4625ACC71BE4BFF0004AE500 /* BJCategoryScrollView.m in Sources */,
				4625ACAD1BE4BF46004AE500 /* AppDelegate.m in Sources */,
				4625ACAA1BE4BF46004AE500 /* main.m in Sources */,
				4625ACC61BE4BFF0004AE500 /* BJCategoryLabel.m in Sources */,
				4625ACC81BE4BFF0004AE500 /* BJScrollPageController.m in Sources */,
			);
			runOnlyForDeploymentPostprocessing = 0;
		};
/* End PBXSourcesBuildPhase section */

/* Begin PBXVariantGroup section */
		4625ACB11BE4BF46004AE500 /* Main.storyboard */ = {
			isa = PBXVariantGroup;
			children = (
				4625ACB21BE4BF47004AE500 /* Base */,
			);
			name = Main.storyboard;
			sourceTree = "<group>";
		};
		4625ACB61BE4BF47004AE500 /* LaunchScreen.storyboard */ = {
			isa = PBXVariantGroup;
			children = (
				4625ACB71BE4BF47004AE500 /* Base */,
			);
			name = LaunchScreen.storyboard;
			sourceTree = "<group>";
		};
/* End PBXVariantGroup section */

/* Begin XCBuildConfiguration section */
		4625ACBA1BE4BF47004AE500 /* Debug */ = {
			isa = XCBuildConfiguration;
			buildSettings = {
				ALWAYS_SEARCH_USER_PATHS = NO;
				CLANG_CXX_LANGUAGE_STANDARD = "gnu++0x";
				CLANG_CXX_LIBRARY = "libc++";
				CLANG_ENABLE_MODULES = YES;
				CLANG_ENABLE_OBJC_ARC = YES;
				CLANG_WARN_BOOL_CONVERSION = YES;
				CLANG_WARN_CONSTANT_CONVERSION = YES;
				CLANG_WARN_DIRECT_OBJC_ISA_USAGE = YES_ERROR;
				CLANG_WARN_EMPTY_BODY = YES;
				CLANG_WARN_ENUM_CONVERSION = YES;
				CLANG_WARN_INT_CONVERSION = YES;
				CLANG_WARN_OBJC_ROOT_CLASS = YES_ERROR;
				CLANG_WARN_UNREACHABLE_CODE = YES;
				CLANG_WARN__DUPLICATE_METHOD_MATCH = YES;
				"CODE_SIGN_IDENTITY[sdk=iphoneos*]" = "iPhone Developer";
				COPY_PHASE_STRIP = NO;
				DEBUG_INFORMATION_FORMAT = dwarf;
				ENABLE_STRICT_OBJC_MSGSEND = YES;
				ENABLE_TESTABILITY = YES;
				GCC_C_LANGUAGE_STANDARD = gnu99;
				GCC_DYNAMIC_NO_PIC = NO;
				GCC_NO_COMMON_BLOCKS = YES;
				GCC_OPTIMIZATION_LEVEL = 0;
				GCC_PREPROCESSOR_DEFINITIONS = (
					"DEBUG=1",
					"$(inherited)",
				);
				GCC_WARN_64_TO_32_BIT_CONVERSION = YES;
				GCC_WARN_ABOUT_RETURN_TYPE = YES_ERROR;
				GCC_WARN_UNDECLARED_SELECTOR = YES;
				GCC_WARN_UNINITIALIZED_AUTOS = YES_AGGRESSIVE;
				GCC_WARN_UNUSED_FUNCTION = YES;
				GCC_WARN_UNUSED_VARIABLE = YES;
				IPHONEOS_DEPLOYMENT_TARGET = 9.1;
				MTL_ENABLE_DEBUG_INFO = YES;
				ONLY_ACTIVE_ARCH = YES;
				SDKROOT = iphoneos;
			};
			name = Debug;
		};
		4625ACBB1BE4BF47004AE500 /* Release */ = {
			isa = XCBuildConfiguration;
			buildSettings = {
				ALWAYS_SEARCH_USER_PATHS = NO;
				CLANG_CXX_LANGUAGE_STANDARD = "gnu++0x";
				CLANG_CXX_LIBRARY = "libc++";
				CLANG_ENABLE_MODULES = YES;
				CLANG_ENABLE_OBJC_ARC = YES;
				CLANG_WARN_BOOL_CONVERSION = YES;
				CLANG_WARN_CONSTANT_CONVERSION = YES;
				CLANG_WARN_DIRECT_OBJC_ISA_USAGE = YES_ERROR;
				CLANG_WARN_EMPTY_BODY = YES;
				CLANG_WARN_ENUM_CONVERSION = YES;
				CLANG_WARN_INT_CONVERSION = YES;
				CLANG_WARN_OBJC_ROOT_CLASS = YES_ERROR;
				CLANG_WARN_UNREACHABLE_CODE = YES;
				CLANG_WARN__DUPLICATE_METHOD_MATCH = YES;
				"CODE_SIGN_IDENTITY[sdk=iphoneos*]" = "iPhone Developer";
				COPY_PHASE_STRIP = NO;
				DEBUG_INFORMATION_FORMAT = "dwarf-with-dsym";
				ENABLE_NS_ASSERTIONS = NO;
				ENABLE_STRICT_OBJC_MSGSEND = YES;
				GCC_C_LANGUAGE_STANDARD = gnu99;
				GCC_NO_COMMON_BLOCKS = YES;
				GCC_WARN_64_TO_32_BIT_CONVERSION = YES;
				GCC_WARN_ABOUT_RETURN_TYPE = YES_ERROR;
				GCC_WARN_UNDECLARED_SELECTOR = YES;
				GCC_WARN_UNINITIALIZED_AUTOS = YES_AGGRESSIVE;
				GCC_WARN_UNUSED_FUNCTION = YES;
				GCC_WARN_UNUSED_VARIABLE = YES;
				IPHONEOS_DEPLOYMENT_TARGET = 9.1;
				MTL_ENABLE_DEBUG_INFO = NO;
				SDKROOT = iphoneos;
				VALIDATE_PRODUCT = YES;
			};
			name = Release;
		};
		4625ACBD1BE4BF47004AE500 /* Debug */ = {
			isa = XCBuildConfiguration;
			buildSettings = {
				ASSETCATALOG_COMPILER_APPICON_NAME = AppIcon;
				INFOPLIST_FILE = BJScroollPageController/Info.plist;
				LD_RUNPATH_SEARCH_PATHS = "$(inherited) @executable_path/Frameworks";
				PRODUCT_BUNDLE_IDENTIFIER = booj.BJScroollPageController;
				PRODUCT_NAME = "$(TARGET_NAME)";
			};
			name = Debug;
		};
		4625ACBE1BE4BF47004AE500 /* Release */ = {
			isa = XCBuildConfiguration;
			buildSettings = {
				ASSETCATALOG_COMPILER_APPICON_NAME = AppIcon;
				INFOPLIST_FILE = BJScroollPageController/Info.plist;
				LD_RUNPATH_SEARCH_PATHS = "$(inherited) @executable_path/Frameworks";
				PRODUCT_BUNDLE_IDENTIFIER = booj.BJScroollPageController;
				PRODUCT_NAME = "$(TARGET_NAME)";
			};
			name = Release;
		};
/* End XCBuildConfiguration section */

/* Begin XCConfigurationList section */
		4625ACA01BE4BF46004AE500 /* Build configuration list for PBXProject "BJScroollPageController" */ = {
			isa = XCConfigurationList;
			buildConfigurations = (
				4625ACBA1BE4BF47004AE500 /* Debug */,
				4625ACBB1BE4BF47004AE500 /* Release */,
			);
			defaultConfigurationIsVisible = 0;
			defaultConfigurationName = Release;
		};
		4625ACBC1BE4BF47004AE500 /* Build configuration list for PBXNativeTarget "BJScroollPageController" */ = {
			isa = XCConfigurationList;
			buildConfigurations = (
				4625ACBD1BE4BF47004AE500 /* Debug */,
				4625ACBE1BE4BF47004AE500 /* Release */,
			);
			defaultConfigurationIsVisible = 0;
			defaultConfigurationName = Release;
		};
/* End XCConfigurationList section */
	};
	rootObject = 4625AC9D1BE4BF46004AE500 /* Project object */;
}
